
Microsoft Visual Studio Solution File, Format Version 12.00
# Visual Studio Version 17
VisualStudioVersion = 17.1.32421.90
MinimumVisualStudioVersion = 10.0.40219.1
Project("{FAE04EC0-301F-11D3-BF4B-00C04F79EFBC}") = "demosql4", "demosql4\demosql4.csproj", "{74078ABD-6155-430D-B435-636EA579964E}"
EndProject
Global
	GlobalSection(SolutionConfigurationPlatforms) = preSolution
		Debug|Any CPU = Debug|Any CPU
		Release|Any CPU = Release|Any CPU
	EndGlobalSection
	GlobalSection(ProjectConfigurationPlatforms) = postSolution
		{74078ABD-6155-430D-B435-636EA579964E}.Debug|Any CPU.ActiveCfg = Debug|Any CPU
		{74078ABD-6155-430D-B435-636EA579964E}.Debug|Any CPU.Build.0 = Debug|Any CPU
		{74078ABD-6155-430D-B435-636EA579964E}.Release|Any CPU.ActiveCfg = Release|Any CPU
		{74078ABD-6155-430D-B435-636EA579964E}.Release|Any CPU.Build.0 = Release|Any CPU
	EndGlobalSection
	GlobalSection(SolutionProperties) = preSolution
		HideSolutionNode = FALSE
	EndGlobalSection
	GlobalSection(ExtensibilityGlobals) = postSolution
		SolutionGuid = {39CB3F45-093E-496D-B46D-9D92EA42F9C2}
	EndGlobalSection
EndGlobal
